// !$*UTF8*$!
{
	archiveVersion = 1;
	classes = {
	};
	objectVersion = 55;
	objects = {

/* Begin PBXBuildFile section */
		0E5F48AE27602C960098883D /* AppDelegate.swift in Sources */ = {isa = PBXBuildFile; fileRef = 0E5F48AD27602C960098883D /* AppDelegate.swift */; };
		0E5F48B027602C960098883D /* SceneDelegate.swift in Sources */ = {isa = PBXBuildFile; fileRef = 0E5F48AF27602C960098883D /* SceneDelegate.swift */; };
		0E5F48B227602C960098883D /* ViewController.swift in Sources */ = {isa = PBXBuildFile; fileRef = 0E5F48B127602C960098883D /* ViewController.swift */; };
		0E5F48B527602C960098883D /* Main.storyboard in Resources */ = {isa = PBXBuildFile; fileRef = 0E5F48B327602C960098883D /* Main.storyboard */; };
		0E5F48B727602C990098883D /* Assets.xcassets in Resources */ = {isa = PBXBuildFile; fileRef = 0E5F48B627602C990098883D /* Assets.xcassets */; };
		0E5F48BA27602C990098883D /* LaunchScreen.storyboard in Resources */ = {isa = PBXBuildFile; fileRef = 0E5F48B827602C990098883D /* LaunchScreen.storyboard */; };
		0E5F48C727602D0C0098883D /* UIImage+.swift in Sources */ = {isa = PBXBuildFile; fileRef = 0E5F48C627602D0C0098883D /* UIImage+.swift */; };
		0E5F48C92760304E0098883D /* Data+.swift in Sources */ = {isa = PBXBuildFile; fileRef = 0E5F48C82760304E0098883D /* Data+.swift */; };
		0E5F48CB276037C70098883D /* UIView+.swift in Sources */ = {isa = PBXBuildFile; fileRef = 0E5F48CA276037C70098883D /* UIView+.swift */; };
		0E5F48CD276039E70098883D /* VideoProvider.swift in Sources */ = {isa = PBXBuildFile; fileRef = 0E5F48CC276039E70098883D /* VideoProvider.swift */; };
/* End PBXBuildFile section */

/* Begin PBXFileReference section */
		0E5F48AA27602C960098883D /* PiP-transcribe.app */ = {isa = PBXFileReference; explicitFileType = wrapper.application; includeInIndex = 0; path = "PiP-transcribe.app"; sourceTree = BUILT_PRODUCTS_DIR; };
		0E5F48AD27602C960098883D /* AppDelegate.swift */ = {isa = PBXFileReference; lastKnownFileType = sourcecode.swift; path = AppDelegate.swift; sourceTree = "<group>"; };
		0E5F48AF27602C960098883D /* SceneDelegate.swift */ = {isa = PBXFileReference; lastKnownFileType = sourcecode.swift; path = SceneDelegate.swift; sourceTree = "<group>"; };
		0E5F48B127602C960098883D /* ViewController.swift */ = {isa = PBXFileReference; lastKnownFileType = sourcecode.swift; path = ViewController.swift; sourceTree = "<group>"; };
		0E5F48B427602C960098883D /* Base */ = {isa = PBXFileReference; lastKnownFileType = file.storyboard; name = Base; path = Base.lproj/Main.storyboard; sourceTree = "<group>"; };
		0E5F48B627602C990098883D /* Assets.xcassets */ = {isa = PBXFileReference; lastKnownFileType = folder.assetcatalog; path = Assets.xcassets; sourceTree = "<group>"; };
		0E5F48B927602C990098883D /* Base */ = {isa = PBXFileReference; lastKnownFileType = file.storyboard; name = Base; path = Base.lproj/LaunchScreen.storyboard; sourceTree = "<group>"; };
		0E5F48BB27602C990098883D /* Info.plist */ = {isa = PBXFileReference; lastKnownFileType = text.plist.xml; path = Info.plist; sourceTree = "<group>"; };
		0E5F48C127602CAD0098883D /* README.md */ = {isa = PBXFileReference; lastKnownFileType = net.daringfireball.markdown; path = README.md; sourceTree = "<group>"; };
		0E5F48C627602D0C0098883D /* UIImage+.swift */ = {isa = PBXFileReference; lastKnownFileType = sourcecode.swift; path = "UIImage+.swift"; sourceTree = "<group>"; };
		0E5F48C82760304E0098883D /* Data+.swift */ = {isa = PBXFileReference; lastKnownFileType = sourcecode.swift; path = "Data+.swift"; sourceTree = "<group>"; };
		0E5F48CA276037C70098883D /* UIView+.swift */ = {isa = PBXFileReference; lastKnownFileType = sourcecode.swift; path = "UIView+.swift"; sourceTree = "<group>"; };
		0E5F48CC276039E70098883D /* VideoProvider.swift */ = {isa = PBXFileReference; lastKnownFileType = sourcecode.swift; path = VideoProvider.swift; sourceTree = "<group>"; };
/* End PBXFileReference section */

/* Begin PBXFrameworksBuildPhase section */
		0E5F48A727602C960098883D /* Frameworks */ = {
			isa = PBXFrameworksBuildPhase;
			buildActionMask = 2147483647;
			files = (
			);
			runOnlyForDeploymentPostprocessing = 0;
		};
/* End PBXFrameworksBuildPhase section */

/* Begin PBXGroup section */
		0E5F48A127602C960098883D = {
			isa = PBXGroup;
			children = (
				0E5F48C127602CAD0098883D /* README.md */,
				0E5F48AC27602C960098883D /* PiP-transcribe */,
				0E5F48AB27602C960098883D /* Products */,
			);
			sourceTree = "<group>";
		};
		0E5F48AB27602C960098883D /* Products */ = {
			isa = PBXGroup;
			children = (
				0E5F48AA27602C960098883D /* PiP-transcribe.app */,
			);
			name = Products;
			sourceTree = "<group>";
		};
		0E5F48AC27602C960098883D /* PiP-transcribe */ = {
			isa = PBXGroup;
			children = (
				0E5F48C227602CD00098883D /* Application */,
				0E5F48C427602CF90098883D /* Views */,
				0E5F48C527602D020098883D /* Extensions */,
				0E5F48C327602CF10098883D /* Resources */,
			);
			path = "PiP-transcribe";
			sourceTree = "<group>";
		};
		0E5F48C227602CD00098883D /* Application */ = {
			isa = PBXGroup;
			children = (
				0E5F48AD27602C960098883D /* AppDelegate.swift */,
				0E5F48AF27602C960098883D /* SceneDelegate.swift */,
				0E5F48B827602C990098883D /* LaunchScreen.storyboard */,
				0E5F48BB27602C990098883D /* Info.plist */,
			);
			path = Application;
			sourceTree = "<group>";
		};
		0E5F48C327602CF10098883D /* Resources */ = {
			isa = PBXGroup;
			children = (
				0E5F48B627602C990098883D /* Assets.xcassets */,
			);
			path = Resources;
			sourceTree = "<group>";
		};
		0E5F48C427602CF90098883D /* Views */ = {
			isa = PBXGroup;
			children = (
				0E5F48B127602C960098883D /* ViewController.swift */,
				0E5F48B327602C960098883D /* Main.storyboard */,
				0E5F48CC276039E70098883D /* VideoProvider.swift */,
			);
			path = Views;
			sourceTree = "<group>";
		};
		0E5F48C527602D020098883D /* Extensions */ = {
			isa = PBXGroup;
			children = (
				0E5F48C627602D0C0098883D /* UIImage+.swift */,
				0E5F48C82760304E0098883D /* Data+.swift */,
				0E5F48CA276037C70098883D /* UIView+.swift */,
			);
			path = Extensions;
			sourceTree = "<group>";
		};
/* End PBXGroup section */

/* Begin PBXNativeTarget section */
		0E5F48A927602C960098883D /* PiP-transcribe */ = {
			isa = PBXNativeTarget;
			buildConfigurationList = 0E5F48BE27602C990098883D /* Build configuration list for PBXNativeTarget "PiP-transcribe" */;
			buildPhases = (
				0E5F48A627602C960098883D /* Sources */,
				0E5F48A727602C960098883D /* Frameworks */,
				0E5F48A827602C960098883D /* Resources */,
			);
			buildRules = (
			);
			dependencies = (
			);
			name = "PiP-transcribe";
			productName = "PiP-transcribe";
			productReference = 0E5F48AA27602C960098883D /* PiP-transcribe.app */;
			productType = "com.apple.product-type.application";
		};
/* End PBXNativeTarget section */

/* Begin PBXProject section */
		0E5F48A227602C960098883D /* Project object */ = {
			isa = PBXProject;
			attributes = {
				BuildIndependentTargetsInParallel = 1;
				LastSwiftUpdateCheck = 1310;
				LastUpgradeCheck = 1310;
				TargetAttributes = {
					0E5F48A927602C960098883D = {
						CreatedOnToolsVersion = 13.1;
					};
				};
			};
			buildConfigurationList = 0E5F48A527602C960098883D /* Build configuration list for PBXProject "PiP-transcribe" */;
			compatibilityVersion = "Xcode 13.0";
			developmentRegion = en;
			hasScannedForEncodings = 0;
			knownRegions = (
				en,
				Base,
			);
			mainGroup = 0E5F48A127602C960098883D;
			productRefGroup = 0E5F48AB27602C960098883D /* Products */;
			projectDirPath = "";
			projectRoot = "";
			targets = (
				0E5F48A927602C960098883D /* PiP-transcribe */,
			);
		};
/* End PBXProject section */

/* Begin PBXResourcesBuildPhase section */
		0E5F48A827602C960098883D /* Resources */ = {
			isa = PBXResourcesBuildPhase;
			buildActionMask = 2147483647;
			files = (
				0E5F48BA27602C990098883D /* LaunchScreen.storyboard in Resources */,
				0E5F48B727602C990098883D /* Assets.xcassets in Resources */,
				0E5F48B527602C960098883D /* Main.storyboard in Resources */,
			);
			runOnlyForDeploymentPostprocessing = 0;
		};
/* End PBXResourcesBuildPhase section */

/* Begin PBXSourcesBuildPhase section */
		0E5F48A627602C960098883D /* Sources */ = {
			isa = PBXSourcesBuildPhase;
			buildActionMask = 2147483647;
			files = (
				0E5F48CB276037C70098883D /* UIView+.swift in Sources */,
				0E5F48B227602C960098883D /* ViewController.swift in Sources */,
				0E5F48C727602D0C0098883D /* UIImage+.swift in Sources */,
				0E5F48C92760304E0098883D /* Data+.swift in Sources */,
				0E5F48CD276039E70098883D /* VideoProvider.swift in Sources */,
				0E5F48AE27602C960098883D /* AppDelegate.swift in Sources */,
				0E5F48B027602C960098883D /* SceneDelegate.swift in Sources */,
			);
			runOnlyForDeploymentPostprocessing = 0;
		};
/* End PBXSourcesBuildPhase section */

/* Begin PBXVariantGroup section */
		0E5F48B327602C960098883D /* Main.storyboard */ = {
			isa = PBXVariantGroup;
			children = (
				0E5F48B427602C960098883D /* Base */,
			);
			name = Main.storyboard;
			sourceTree = "<group>";
		};
		0E5F48B827602C990098883D /* LaunchScreen.storyboard */ = {
			isa = PBXVariantGroup;
			children = (
				0E5F48B927602C990098883D /* Base */,
			);
			name = LaunchScreen.storyboard;
			sourceTree = "<group>";
		};
/* End PBXVariantGroup section */

/* Begin XCBuildConfiguration section */
		0E5F48BC27602C990098883D /* Debug */ = {
			isa = XCBuildConfiguration;
			buildSettings = {
				ALWAYS_SEARCH_USER_PATHS = NO;
				CLANG_ANALYZER_NONNULL = YES;
				CLANG_ANALYZER_NUMBER_OBJECT_CONVERSION = YES_AGGRESSIVE;
				CLANG_CXX_LANGUAGE_STANDARD = "gnu++17";
				CLANG_CXX_LIBRARY = "libc++";
				CLANG_ENABLE_MODULES = YES;
				CLANG_ENABLE_OBJC_ARC = YES;
				CLANG_ENABLE_OBJC_WEAK = YES;
				CLANG_WARN_BLOCK_CAPTURE_AUTORELEASING = YES;
				CLANG_WARN_BOOL_CONVERSION = YES;
				CLANG_WARN_COMMA = YES;
				CLANG_WARN_CONSTANT_CONVERSION = YES;
				CLANG_WARN_DEPRECATED_OBJC_IMPLEMENTATIONS = YES;
				CLANG_WARN_DIRECT_OBJC_ISA_USAGE = YES_ERROR;
				CLANG_WARN_DOCUMENTATION_COMMENTS = YES;
				CLANG_WARN_EMPTY_BODY = YES;
				CLANG_WARN_ENUM_CONVERSION = YES;
				CLANG_WARN_INFINITE_RECURSION = YES;
				CLANG_WARN_INT_CONVERSION = YES;
				CLANG_WARN_NON_LITERAL_NULL_CONVERSION = YES;
				CLANG_WARN_OBJC_IMPLICIT_RETAIN_SELF = YES;
				CLANG_WARN_OBJC_LITERAL_CONVERSION = YES;
				CLANG_WARN_OBJC_ROOT_CLASS = YES_ERROR;
				CLANG_WARN_QUOTED_INCLUDE_IN_FRAMEWORK_HEADER = YES;
				CLANG_WARN_RANGE_LOOP_ANALYSIS = YES;
				CLANG_WARN_STRICT_PROTOTYPES = YES;
				CLANG_WARN_SUSPICIOUS_MOVE = YES;
				CLANG_WARN_UNGUARDED_AVAILABILITY = YES_AGGRESSIVE;
				CLANG_WARN_UNREACHABLE_CODE = YES;
				CLANG_WARN__DUPLICATE_METHOD_MATCH = YES;
				COPY_PHASE_STRIP = NO;
				DEBUG_INFORMATION_FORMAT = dwarf;
				ENABLE_STRICT_OBJC_MSGSEND = YES;
				ENABLE_TESTABILITY = YES;
				GCC_C_LANGUAGE_STANDARD = gnu11;
				GCC_DYNAMIC_NO_PIC = NO;
				GCC_NO_COMMON_BLOCKS = YES;
				GCC_OPTIMIZATION_LEVEL = 0;
				GCC_PREPROCESSOR_DEFINITIONS = (
					"DEBUG=1",
					"$(inherited)",
				);
				GCC_WARN_64_TO_32_BIT_CONVERSION = YES;
				GCC_WARN_ABOUT_RETURN_TYPE = YES_ERROR;
				GCC_WARN_UNDECLARED_SELECTOR = YES;
				GCC_WARN_UNINITIALIZED_AUTOS = YES_AGGRESSIVE;
				GCC_WARN_UNUSED_FUNCTION = YES;
				GCC_WARN_UNUSED_VARIABLE = YES;
				IPHONEOS_DEPLOYMENT_TARGET = 15.0;
				MTL_ENABLE_DEBUG_INFO = INCLUDE_SOURCE;
				MTL_FAST_MATH = YES;
				ONLY_ACTIVE_ARCH = YES;
				SDKROOT = iphoneos;
				SWIFT_ACTIVE_COMPILATION_CONDITIONS = DEBUG;
				SWIFT_OPTIMIZATION_LEVEL = "-Onone";
			};
			name = Debug;
		};
		0E5F48BD27602C990098883D /* Release */ = {
			isa = XCBuildConfiguration;
			buildSettings = {
				ALWAYS_SEARCH_USER_PATHS = NO;
				CLANG_ANALYZER_NONNULL = YES;
				CLANG_ANALYZER_NUMBER_OBJECT_CONVERSION = YES_AGGRESSIVE;
				CLANG_CXX_LANGUAGE_STANDARD = "gnu++17";
				CLANG_CXX_LIBRARY = "libc++";
				CLANG_ENABLE_MODULES = YES;
				CLANG_ENABLE_OBJC_ARC = YES;
				CLANG_ENABLE_OBJC_WEAK = YES;
				CLANG_WARN_BLOCK_CAPTURE_AUTORELEASING = YES;
				CLANG_WARN_BOOL_CONVERSION = YES;
				CLANG_WARN_COMMA = YES;
				CLANG_WARN_CONSTANT_CONVERSION = YES;
				CLANG_WARN_DEPRECATED_OBJC_IMPLEMENTATIONS = YES;
				CLANG_WARN_DIRECT_OBJC_ISA_USAGE = YES_ERROR;
				CLANG_WARN_DOCUMENTATION_COMMENTS = YES;
				CLANG_WARN_EMPTY_BODY = YES;
				CLANG_WARN_ENUM_CONVERSION = YES;
				CLANG_WARN_INFINITE_RECURSION = YES;
				CLANG_WARN_INT_CONVERSION = YES;
				CLANG_WARN_NON_LITERAL_NULL_CONVERSION = YES;
				CLANG_WARN_OBJC_IMPLICIT_RETAIN_SELF = YES;
				CLANG_WARN_OBJC_LITERAL_CONVERSION = YES;
				CLANG_WARN_OBJC_ROOT_CLASS = YES_ERROR;
				CLANG_WARN_QUOTED_INCLUDE_IN_FRAMEWORK_HEADER = YES;
				CLANG_WARN_RANGE_LOOP_ANALYSIS = YES;
				CLANG_WARN_STRICT_PROTOTYPES = YES;
				CLANG_WARN_SUSPICIOUS_MOVE = YES;
				CLANG_WARN_UNGUARDED_AVAILABILITY = YES_AGGRESSIVE;
				CLANG_WARN_UNREACHABLE_CODE = YES;
				CLANG_WARN__DUPLICATE_METHOD_MATCH = YES;
				COPY_PHASE_STRIP = NO;
				DEBUG_INFORMATION_FORMAT = "dwarf-with-dsym";
				ENABLE_NS_ASSERTIONS = NO;
				ENABLE_STRICT_OBJC_MSGSEND = YES;
				GCC_C_LANGUAGE_STANDARD = gnu11;
				GCC_NO_COMMON_BLOCKS = YES;
				GCC_WARN_64_TO_32_BIT_CONVERSION = YES;
				GCC_WARN_ABOUT_RETURN_TYPE = YES_ERROR;
				GCC_WARN_UNDECLARED_SELECTOR = YES;
				GCC_WARN_UNINITIALIZED_AUTOS = YES_AGGRESSIVE;
				GCC_WARN_UNUSED_FUNCTION = YES;
				GCC_WARN_UNUSED_VARIABLE = YES;
				IPHONEOS_DEPLOYMENT_TARGET = 15.0;
				MTL_ENABLE_DEBUG_INFO = NO;
				MTL_FAST_MATH = YES;
				SDKROOT = iphoneos;
				SWIFT_COMPILATION_MODE = wholemodule;
				SWIFT_OPTIMIZATION_LEVEL = "-O";
				VALIDATE_PRODUCT = YES;
			};
			name = Release;
		};
		0E5F48BF27602C990098883D /* Debug */ = {
			isa = XCBuildConfiguration;
			buildSettings = {
				ASSETCATALOG_COMPILER_APPICON_NAME = AppIcon;
				ASSETCATALOG_COMPILER_GLOBAL_ACCENT_COLOR_NAME = AccentColor;
				CODE_SIGN_STYLE = Automatic;
				CURRENT_PROJECT_VERSION = 1;
				DEVELOPMENT_TEAM = R6YNJ9HW8W;
				GENERATE_INFOPLIST_FILE = YES;
				INFOPLIST_FILE = "PiP-transcribe/Application/Info.plist";
				INFOPLIST_KEY_UIApplicationSupportsIndirectInputEvents = YES;
				INFOPLIST_KEY_UILaunchStoryboardName = LaunchScreen;
				INFOPLIST_KEY_UIMainStoryboardFile = Main;
				INFOPLIST_KEY_UISupportedInterfaceOrientations_iPad = "UIInterfaceOrientationPortrait UIInterfaceOrientationPortraitUpsideDown UIInterfaceOrientationLandscapeLeft UIInterfaceOrientationLandscapeRight";
				INFOPLIST_KEY_UISupportedInterfaceOrientations_iPhone = "UIInterfaceOrientationPortrait UIInterfaceOrientationLandscapeLeft UIInterfaceOrientationLandscapeRight";
				LD_RUNPATH_SEARCH_PATHS = (
					"$(inherited)",
					"@executable_path/Frameworks",
				);
				MARKETING_VERSION = 1.0;
				PRODUCT_BUNDLE_IDENTIFIER = "com.k-aoki.PiP-transcribe";
				PRODUCT_NAME = "$(TARGET_NAME)";
				SWIFT_EMIT_LOC_STRINGS = YES;
				SWIFT_VERSION = 5.0;
				TARGETED_DEVICE_FAMILY = "1,2";
			};
			name = Debug;
		};
		0E5F48C027602C990098883D /* Release */ = {
			isa = XCBuildConfiguration;
			buildSettings = {
				ASSETCATALOG_COMPILER_APPICON_NAME = AppIcon;
				ASSETCATALOG_COMPILER_GLOBAL_ACCENT_COLOR_NAME = AccentColor;
				CODE_SIGN_STYLE = Automatic;
				CURRENT_PROJECT_VERSION = 1;
				DEVELOPMENT_TEAM = R6YNJ9HW8W;
				GENERATE_INFOPLIST_FILE = YES;
				INFOPLIST_FILE = "PiP-transcribe/Application/Info.plist";
				INFOPLIST_KEY_UIApplicationSupportsIndirectInputEvents = YES;
				INFOPLIST_KEY_UILaunchStoryboardName = LaunchScreen;
				INFOPLIST_KEY_UIMainStoryboardFile = Main;
				INFOPLIST_KEY_UISupportedInterfaceOrientations_iPad = "UIInterfaceOrientationPortrait UIInterfaceOrientationPortraitUpsideDown UIInterfaceOrientationLandscapeLeft UIInterfaceOrientationLandscapeRight";
				INFOPLIST_KEY_UISupportedInterfaceOrientations_iPhone = "UIInterfaceOrientationPortrait UIInterfaceOrientationLandscapeLeft UIInterfaceOrientationLandscapeRight";
				LD_RUNPATH_SEARCH_PATHS = (
					"$(inherited)",
					"@executable_path/Frameworks",
				);
				MARKETING_VERSION = 1.0;
				PRODUCT_BUNDLE_IDENTIFIER = "com.k-aoki.PiP-transcribe";
				PRODUCT_NAME = "$(TARGET_NAME)";
				SWIFT_EMIT_LOC_STRINGS = YES;
				SWIFT_VERSION = 5.0;
				TARGETED_DEVICE_FAMILY = "1,2";
			};
			name = Release;
		};
/* End XCBuildConfiguration section */

/* Begin XCConfigurationList section */
		0E5F48A527602C960098883D /* Build configuration list for PBXProject "PiP-transcribe" */ = {
			isa = XCConfigurationList;
			buildConfigurations = (
				0E5F48BC27602C990098883D /* Debug */,
				0E5F48BD27602C990098883D /* Release */,
			);
			defaultConfigurationIsVisible = 0;
			defaultConfigurationName = Release;
		};
		0E5F48BE27602C990098883D /* Build configuration list for PBXNativeTarget "PiP-transcribe" */ = {
			isa = XCConfigurationList;
			buildConfigurations = (
				0E5F48BF27602C990098883D /* Debug */,
				0E5F48C027602C990098883D /* Release */,
			);
			defaultConfigurationIsVisible = 0;
			defaultConfigurationName = Release;
		};
/* End XCConfigurationList section */
	};
	rootObject = 0E5F48A227602C960098883D /* Project object */;
}
